// !$*UTF8*$!
{
	archiveVersion = 1;
	classes = {
	};
	objectVersion = 46;
	objects = {

/* Begin PBXBuildFile section */
		64FF3EA01BA669D50038956A /* main.m in Sources */ = {isa = PBXBuildFile; fileRef = 64FF3E9F1BA669D50038956A /* main.m */; };
		64FF3EB91BA67B370038956A /* Person_ten1.m in Sources */ = {isa = PBXBuildFile; fileRef = 64FF3EB81BA67B370038956A /* Person_ten1.m */; settings = {ASSET_TAGS = (); }; };
		64FF3EBC1BA67FEF0038956A /* Person+name.m in Sources */ = {isa = PBXBuildFile; fileRef = 64FF3EBB1BA67FEF0038956A /* Person+name.m */; settings = {ASSET_TAGS = (); }; };
		64FF3EBE1BA6828C0038956A /* Person.m in Sources */ = {isa = PBXBuildFile; fileRef = 64FF3EBD1BA6828C0038956A /* Person.m */; settings = {ASSET_TAGS = (); }; };
/* End PBXBuildFile section */

/* Begin PBXCopyFilesBuildPhase section */
		64FF3E9A1BA669D50038956A /* CopyFiles */ = {
			isa = PBXCopyFilesBuildPhase;
			buildActionMask = 2147483647;
			dstPath = /usr/share/man/man1/;
			dstSubfolderSpec = 0;
			files = (
			);
			runOnlyForDeploymentPostprocessing = 1;
		};
/* End PBXCopyFilesBuildPhase section */

/* Begin PBXFileReference section */
		64FF3E9C1BA669D50038956A /* testProtity */ = {isa = PBXFileReference; explicitFileType = "compiled.mach-o.executable"; includeInIndex = 0; path = testProtity; sourceTree = BUILT_PRODUCTS_DIR; };
		64FF3E9F1BA669D50038956A /* main.m */ = {isa = PBXFileReference; lastKnownFileType = sourcecode.c.objc; path = main.m; sourceTree = "<group>"; };
		64FF3EA81BA674D50038956A /* Person.h */ = {isa = PBXFileReference; fileEncoding = 4; lastKnownFileType = sourcecode.c.h; path = Person.h; sourceTree = "<group>"; };
		64FF3EB71BA67AAE0038956A /* Person_ten1.h */ = {isa = PBXFileReference; fileEncoding = 4; lastKnownFileType = sourcecode.c.h; path = Person_ten1.h; sourceTree = "<group>"; };
		64FF3EB81BA67B370038956A /* Person_ten1.m */ = {isa = PBXFileReference; fileEncoding = 4; lastKnownFileType = sourcecode.c.objc; path = Person_ten1.m; sourceTree = "<group>"; };
		64FF3EBA1BA67FEF0038956A /* Person+name.h */ = {isa = PBXFileReference; fileEncoding = 4; lastKnownFileType = sourcecode.c.h; path = "Person+name.h"; sourceTree = "<group>"; };
		64FF3EBB1BA67FEF0038956A /* Person+name.m */ = {isa = PBXFileReference; fileEncoding = 4; lastKnownFileType = sourcecode.c.objc; path = "Person+name.m"; sourceTree = "<group>"; };
		64FF3EBD1BA6828C0038956A /* Person.m */ = {isa = PBXFileReference; fileEncoding = 4; lastKnownFileType = sourcecode.c.objc; path = Person.m; sourceTree = "<group>"; };
/* End PBXFileReference section */

/* Begin PBXFrameworksBuildPhase section */
		64FF3E991BA669D50038956A /* Frameworks */ = {
			isa = PBXFrameworksBuildPhase;
			buildActionMask = 2147483647;
			files = (
			);
			runOnlyForDeploymentPostprocessing = 0;
		};
/* End PBXFrameworksBuildPhase section */

/* Begin PBXGroup section */
		64FF3E931BA669D50038956A = {
			isa = PBXGroup;
			children = (
				64FF3E9E1BA669D50038956A /* testProtity */,
				64FF3E9D1BA669D50038956A /* Products */,
			);
			sourceTree = "<group>";
		};
		64FF3E9D1BA669D50038956A /* Products */ = {
			isa = PBXGroup;
			children = (
				64FF3E9C1BA669D50038956A /* testProtity */,
			);
			name = Products;
			sourceTree = "<group>";
		};
		64FF3E9E1BA669D50038956A /* testProtity */ = {
			isa = PBXGroup;
			children = (
				64FF3E9F1BA669D50038956A /* main.m */,
				64FF3EA81BA674D50038956A /* Person.h */,
				64FF3EBD1BA6828C0038956A /* Person.m */,
				64FF3EB71BA67AAE0038956A /* Person_ten1.h */,
				64FF3EB81BA67B370038956A /* Person_ten1.m */,
				64FF3EBA1BA67FEF0038956A /* Person+name.h */,
				64FF3EBB1BA67FEF0038956A /* Person+name.m */,
			);
			path = testProtity;
			sourceTree = "<group>";
		};
/* End PBXGroup section */

/* Begin PBXNativeTarget section */
		64FF3E9B1BA669D50038956A /* testProtity */ = {
			isa = PBXNativeTarget;
			buildConfigurationList = 64FF3EA31BA669D50038956A /* Build configuration list for PBXNativeTarget "testProtity" */;
			buildPhases = (
				64FF3E981BA669D50038956A /* Sources */,
				64FF3E991BA669D50038956A /* Frameworks */,
				64FF3E9A1BA669D50038956A /* CopyFiles */,
			);
			buildRules = (
			);
			dependencies = (
			);
			name = testProtity;
			productName = testProtity;
			productReference = 64FF3E9C1BA669D50038956A /* testProtity */;
			productType = "com.apple.product-type.tool";
		};
/* End PBXNativeTarget section */

/* Begin PBXProject section */
		64FF3E941BA669D50038956A /* Project object */ = {
			isa = PBXProject;
			attributes = {
				LastUpgradeCheck = 0700;
				ORGANIZATIONNAME = csj;
				TargetAttributes = {
					64FF3E9B1BA669D50038956A = {
						CreatedOnToolsVersion = 7.0;
					};
				};
			};
			buildConfigurationList = 64FF3E971BA669D50038956A /* Build configuration list for PBXProject "testProtity" */;
			compatibilityVersion = "Xcode 3.2";
			developmentRegion = English;
			hasScannedForEncodings = 0;
			knownRegions = (
				en,
			);
			mainGroup = 64FF3E931BA669D50038956A;
			productRefGroup = 64FF3E9D1BA669D50038956A /* Products */;
			projectDirPath = "";
			projectRoot = "";
			targets = (
				64FF3E9B1BA669D50038956A /* testProtity */,
			);
		};
/* End PBXProject section */

/* Begin PBXSourcesBuildPhase section */
		64FF3E981BA669D50038956A /* Sources */ = {
			isa = PBXSourcesBuildPhase;
			buildActionMask = 2147483647;
			files = (
				64FF3EB91BA67B370038956A /* Person_ten1.m in Sources */,
				64FF3EA01BA669D50038956A /* main.m in Sources */,
				64FF3EBE1BA6828C0038956A /* Person.m in Sources */,
				64FF3EBC1BA67FEF0038956A /* Person+name.m in Sources */,
			);
			runOnlyForDeploymentPostprocessing = 0;
		};
/* End PBXSourcesBuildPhase section */

/* Begin XCBuildConfiguration section */
		64FF3EA11BA669D50038956A /* Debug */ = {
			isa = XCBuildConfiguration;
			buildSettings = {
				ALWAYS_SEARCH_USER_PATHS = NO;
				CLANG_CXX_LANGUAGE_STANDARD = "gnu++0x";
				CLANG_CXX_LIBRARY = "libc++";
				CLANG_ENABLE_MODULES = YES;
				CLANG_ENABLE_OBJC_ARC = YES;
				CLANG_WARN_BOOL_CONVERSION = YES;
				CLANG_WARN_CONSTANT_CONVERSION = YES;
				CLANG_WARN_DIRECT_OBJC_ISA_USAGE = YES_ERROR;
				CLANG_WARN_EMPTY_BODY = YES;
				CLANG_WARN_ENUM_CONVERSION = YES;
				CLANG_WARN_INT_CONVERSION = YES;
				CLANG_WARN_OBJC_ROOT_CLASS = YES_ERROR;
				CLANG_WARN_UNREACHABLE_CODE = YES;
				CLANG_WARN__DUPLICATE_METHOD_MATCH = YES;
				COPY_PHASE_STRIP = NO;
				DEBUG_INFORMATION_FORMAT = dwarf;
				ENABLE_STRICT_OBJC_MSGSEND = YES;
				ENABLE_TESTABILITY = YES;
				GCC_C_LANGUAGE_STANDARD = gnu99;
				GCC_DYNAMIC_NO_PIC = NO;
				GCC_NO_COMMON_BLOCKS = YES;
				GCC_OPTIMIZATION_LEVEL = 0;
				GCC_PREPROCESSOR_DEFINITIONS = (
					"DEBUG=1",
					"$(inherited)",
				);
				GCC_WARN_64_TO_32_BIT_CONVERSION = YES;
				GCC_WARN_ABOUT_RETURN_TYPE = YES_ERROR;
				GCC_WARN_UNDECLARED_SELECTOR = YES;
				GCC_WARN_UNINITIALIZED_AUTOS = YES_AGGRESSIVE;
				GCC_WARN_UNUSED_FUNCTION = YES;
				GCC_WARN_UNUSED_VARIABLE = YES;
				MACOSX_DEPLOYMENT_TARGET = 10.10;
				MTL_ENABLE_DEBUG_INFO = YES;
				ONLY_ACTIVE_ARCH = YES;
				SDKROOT = macosx;
			};
			name = Debug;
		};
		64FF3EA21BA669D50038956A /* Release */ = {
			isa = XCBuildConfiguration;
			buildSettings = {
				ALWAYS_SEARCH_USER_PATHS = NO;
				CLANG_CXX_LANGUAGE_STANDARD = "gnu++0x";
				CLANG_CXX_LIBRARY = "libc++";
				CLANG_ENABLE_MODULES = YES;
				CLANG_ENABLE_OBJC_ARC = YES;
				CLANG_WARN_BOOL_CONVERSION = YES;
				CLANG_WARN_CONSTANT_CONVERSION = YES;
				CLANG_WARN_DIRECT_OBJC_ISA_USAGE = YES_ERROR;
				CLANG_WARN_EMPTY_BODY = YES;
				CLANG_WARN_ENUM_CONVERSION = YES;
				CLANG_WARN_INT_CONVERSION = YES;
				CLANG_WARN_OBJC_ROOT_CLASS = YES_ERROR;
				CLANG_WARN_UNREACHABLE_CODE = YES;
				CLANG_WARN__DUPLICATE_METHOD_MATCH = YES;
				COPY_PHASE_STRIP = NO;
				DEBUG_INFORMATION_FORMAT = "dwarf-with-dsym";
				ENABLE_NS_ASSERTIONS = NO;
				ENABLE_STRICT_OBJC_MSGSEND = YES;
				GCC_C_LANGUAGE_STANDARD = gnu99;
				GCC_NO_COMMON_BLOCKS = YES;
				GCC_WARN_64_TO_32_BIT_CONVERSION = YES;
				GCC_WARN_ABOUT_RETURN_TYPE = YES_ERROR;
				GCC_WARN_UNDECLARED_SELECTOR = YES;
				GCC_WARN_UNINITIALIZED_AUTOS = YES_AGGRESSIVE;
				GCC_WARN_UNUSED_FUNCTION = YES;
				GCC_WARN_UNUSED_VARIABLE = YES;
				MACOSX_DEPLOYMENT_TARGET = 10.10;
				MTL_ENABLE_DEBUG_INFO = NO;
				SDKROOT = macosx;
			};
			name = Release;
		};
		64FF3EA41BA669D50038956A /* Debug */ = {
			isa = XCBuildConfiguration;
			buildSettings = {
				PRODUCT_NAME = "$(TARGET_NAME)";
			};
			name = Debug;
		};
		64FF3EA51BA669D50038956A /* Release */ = {
			isa = XCBuildConfiguration;
			buildSettings = {
				PRODUCT_NAME = "$(TARGET_NAME)";
			};
			name = Release;
		};
/* End XCBuildConfiguration section */

/* Begin XCConfigurationList section */
		64FF3E971BA669D50038956A /* Build configuration list for PBXProject "testProtity" */ = {
			isa = XCConfigurationList;
			buildConfigurations = (
				64FF3EA11BA669D50038956A /* Debug */,
				64FF3EA21BA669D50038956A /* Release */,
			);
			defaultConfigurationIsVisible = 0;
			defaultConfigurationName = Release;
		};
		64FF3EA31BA669D50038956A /* Build configuration list for PBXNativeTarget "testProtity" */ = {
			isa = XCConfigurationList;
			buildConfigurations = (
				64FF3EA41BA669D50038956A /* Debug */,
				64FF3EA51BA669D50038956A /* Release */,
			);
			defaultConfigurationIsVisible = 0;
			defaultConfigurationName = Release;
		};
/* End XCConfigurationList section */
	};
	rootObject = 64FF3E941BA669D50038956A /* Project object */;
}
